PODS:
  - MaterialActivityIndicator (0.0.6.1)

DEPENDENCIES:
  - MaterialActivityIndicator (from `../`)

EXTERNAL SOURCES:
  MaterialActivityIndicator:
    :path: "../"

SPEC CHECKSUMS:
  MaterialActivityIndicator: 83c22c5fb95121e7ddccf6b2a91e9b8a811623b2

PODFILE CHECKSUM: c32132d07037ce7331cb99fe7eece6783c2dce24

COCOAPODS: 1.7.5
